
Microsoft Visual Studio Solution File, Format Version 12.00
# Visual Studio Version 17
VisualStudioVersion = 17.6.33829.357
MinimumVisualStudioVersion = 10.0.40219.1
Project("{9A19103F-16F7-4668-BE54-9A1E7A4F7556}") = "Quick.Keycloak.Sample", "Quick.Keycloak.Sample\Quick.Keycloak.Sample.csproj", "{6C0238D5-ACA9-4954-ADD5-479F3CA7202A}"
	ProjectSection(ProjectDependencies) = postProject
		{19BCC1A1-B159-4148-8243-680A2E3CA373} = {19BCC1A1-B159-4148-8243-680A2E3CA373}
	EndProjectSection
EndProject
Project("{9A19103F-16F7-4668-BE54-9A1E7A4F7556}") = "Quick.Keycloak.Client", "Quick.Keycloak.Client\Quick.Keycloak.Client.csproj", "{19BCC1A1-B159-4148-8243-680A2E3CA373}"
EndProject
Global
	GlobalSection(SolutionConfigurationPlatforms) = preSolution
		Debug|Any CPU = Debug|Any CPU
		Release|Any CPU = Release|Any CPU
	EndGlobalSection
	GlobalSection(ProjectConfigurationPlatforms) = postSolution
		{6C0238D5-ACA9-4954-ADD5-479F3CA7202A}.Debug|Any CPU.ActiveCfg = Debug|Any CPU
		{6C0238D5-ACA9-4954-ADD5-479F3CA7202A}.Debug|Any CPU.Build.0 = Debug|Any CPU
		{6C0238D5-ACA9-4954-ADD5-479F3CA7202A}.Release|Any CPU.ActiveCfg = Release|Any CPU
		{6C0238D5-ACA9-4954-ADD5-479F3CA7202A}.Release|Any CPU.Build.0 = Release|Any CPU
		{19BCC1A1-B159-4148-8243-680A2E3CA373}.Debug|Any CPU.ActiveCfg = Debug|Any CPU
		{19BCC1A1-B159-4148-8243-680A2E3CA373}.Debug|Any CPU.Build.0 = Debug|Any CPU
		{19BCC1A1-B159-4148-8243-680A2E3CA373}.Release|Any CPU.ActiveCfg = Release|Any CPU
		{19BCC1A1-B159-4148-8243-680A2E3CA373}.Release|Any CPU.Build.0 = Release|Any CPU
	EndGlobalSection
	GlobalSection(SolutionProperties) = preSolution
		HideSolutionNode = FALSE
	EndGlobalSection
	GlobalSection(ExtensibilityGlobals) = postSolution
		SolutionGuid = {B31FECD6-3E73-4B0A-A068-53765B28903C}
	EndGlobalSection
EndGlobal
